
Microsoft Visual Studio Solution File, Format Version 12.00
# Visual Studio Version 17
VisualStudioVersion = 17.1.32210.238
MinimumVisualStudioVersion = 10.0.40219.1
Project("{FAE04EC0-301F-11D3-BF4B-00C04F79EFBC}") = "EvenToTheMoonCA", "EvenToTheMoonCA\EvenToTheMoonCA.csproj", "{0659C259-F6EC-4F4D-A5AB-4C126334B877}"
EndProject
Project("{FAE04EC0-301F-11D3-BF4B-00C04F79EFBC}") = "Domain", "Domain\Domain.csproj", "{499FE907-49A2-4153-97CA-584B45B107F4}"
EndProject
Project("{FAE04EC0-301F-11D3-BF4B-00C04F79EFBC}") = "Application", "Application\Application.csproj", "{C957E7A3-D77E-4DBF-8F05-1DB6A0F892F8}"
EndProject
Project("{FAE04EC0-301F-11D3-BF4B-00C04F79EFBC}") = "Infrastructure", "Infrastructure\Infrastructure.csproj", "{C03A65CF-81EF-439C-83D6-06E715282157}"
EndProject
Global
	GlobalSection(SolutionConfigurationPlatforms) = preSolution
		Debug|Any CPU = Debug|Any CPU
		Release|Any CPU = Release|Any CPU
	EndGlobalSection
	GlobalSection(ProjectConfigurationPlatforms) = postSolution
		{0659C259-F6EC-4F4D-A5AB-4C126334B877}.Debug|Any CPU.ActiveCfg = Debug|Any CPU
		{0659C259-F6EC-4F4D-A5AB-4C126334B877}.Debug|Any CPU.Build.0 = Debug|Any CPU
		{0659C259-F6EC-4F4D-A5AB-4C126334B877}.Release|Any CPU.ActiveCfg = Release|Any CPU
		{0659C259-F6EC-4F4D-A5AB-4C126334B877}.Release|Any CPU.Build.0 = Release|Any CPU
		{499FE907-49A2-4153-97CA-584B45B107F4}.Debug|Any CPU.ActiveCfg = Debug|Any CPU
		{499FE907-49A2-4153-97CA-584B45B107F4}.Debug|Any CPU.Build.0 = Debug|Any CPU
		{499FE907-49A2-4153-97CA-584B45B107F4}.Release|Any CPU.ActiveCfg = Release|Any CPU
		{499FE907-49A2-4153-97CA-584B45B107F4}.Release|Any CPU.Build.0 = Release|Any CPU
		{C957E7A3-D77E-4DBF-8F05-1DB6A0F892F8}.Debug|Any CPU.ActiveCfg = Debug|Any CPU
		{C957E7A3-D77E-4DBF-8F05-1DB6A0F892F8}.Debug|Any CPU.Build.0 = Debug|Any CPU
		{C957E7A3-D77E-4DBF-8F05-1DB6A0F892F8}.Release|Any CPU.ActiveCfg = Release|Any CPU
		{C957E7A3-D77E-4DBF-8F05-1DB6A0F892F8}.Release|Any CPU.Build.0 = Release|Any CPU
		{C03A65CF-81EF-439C-83D6-06E715282157}.Debug|Any CPU.ActiveCfg = Debug|Any CPU
		{C03A65CF-81EF-439C-83D6-06E715282157}.Debug|Any CPU.Build.0 = Debug|Any CPU
		{C03A65CF-81EF-439C-83D6-06E715282157}.Release|Any CPU.ActiveCfg = Release|Any CPU
		{C03A65CF-81EF-439C-83D6-06E715282157}.Release|Any CPU.Build.0 = Release|Any CPU
	EndGlobalSection
	GlobalSection(SolutionProperties) = preSolution
		HideSolutionNode = FALSE
	EndGlobalSection
	GlobalSection(ExtensibilityGlobals) = postSolution
		SolutionGuid = {1F4DD5A6-549F-4664-94D2-56187742B8E4}
	EndGlobalSection
EndGlobal
