
Microsoft Visual Studio Solution File, Format Version 12.00
# Visual Studio Version 17
VisualStudioVersion = 17.1.32210.238
MinimumVisualStudioVersion = 10.0.40219.1
Project("{FAE04EC0-301F-11D3-BF4B-00C04F79EFBC}") = "EvenToTheMoonEF", "EvenToTheMoonEF\EvenToTheMoonEF.csproj", "{8E15BC28-94CC-4C70-A563-B846520E39B9}"
EndProject
Project("{FAE04EC0-301F-11D3-BF4B-00C04F79EFBC}") = "EvenToTheMoonEF.DAL", "EvenToTheMoonEF.DAL\EvenToTheMoonEF.DAL.csproj", "{613A9763-64DF-414A-A3EC-9619C50B902A}"
EndProject
Project("{FAE04EC0-301F-11D3-BF4B-00C04F79EFBC}") = "EvenToTheMoonEF.BLL", "EvenToTheMoonEF.BLL\EvenToTheMoonEF.BLL.csproj", "{A09AE611-44A4-4652-A0F8-471E224F704F}"
EndProject
Global
	GlobalSection(SolutionConfigurationPlatforms) = preSolution
		Debug|Any CPU = Debug|Any CPU
		Release|Any CPU = Release|Any CPU
	EndGlobalSection
	GlobalSection(ProjectConfigurationPlatforms) = postSolution
		{8E15BC28-94CC-4C70-A563-B846520E39B9}.Debug|Any CPU.ActiveCfg = Debug|Any CPU
		{8E15BC28-94CC-4C70-A563-B846520E39B9}.Debug|Any CPU.Build.0 = Debug|Any CPU
		{8E15BC28-94CC-4C70-A563-B846520E39B9}.Release|Any CPU.ActiveCfg = Release|Any CPU
		{8E15BC28-94CC-4C70-A563-B846520E39B9}.Release|Any CPU.Build.0 = Release|Any CPU
		{613A9763-64DF-414A-A3EC-9619C50B902A}.Debug|Any CPU.ActiveCfg = Debug|Any CPU
		{613A9763-64DF-414A-A3EC-9619C50B902A}.Debug|Any CPU.Build.0 = Debug|Any CPU
		{613A9763-64DF-414A-A3EC-9619C50B902A}.Release|Any CPU.ActiveCfg = Release|Any CPU
		{613A9763-64DF-414A-A3EC-9619C50B902A}.Release|Any CPU.Build.0 = Release|Any CPU
		{A09AE611-44A4-4652-A0F8-471E224F704F}.Debug|Any CPU.ActiveCfg = Debug|Any CPU
		{A09AE611-44A4-4652-A0F8-471E224F704F}.Debug|Any CPU.Build.0 = Debug|Any CPU
		{A09AE611-44A4-4652-A0F8-471E224F704F}.Release|Any CPU.ActiveCfg = Release|Any CPU
		{A09AE611-44A4-4652-A0F8-471E224F704F}.Release|Any CPU.Build.0 = Release|Any CPU
	EndGlobalSection
	GlobalSection(SolutionProperties) = preSolution
		HideSolutionNode = FALSE
	EndGlobalSection
	GlobalSection(ExtensibilityGlobals) = postSolution
		SolutionGuid = {757C9F64-5100-4090-B564-7A56F07694F0}
	EndGlobalSection
EndGlobal
